
Microsoft Visual Studio Solution File, Format Version 12.00
# Visual Studio 15
VisualStudioVersion = 15.0.28010.2003
MinimumVisualStudioVersion = 10.0.40219.1
Project("{FAE04EC0-301F-11D3-BF4B-00C04F79EFBC}") = "Melichar_Milionar", "Melichar_Milionar\Melichar_Milionar.csproj", "{3E6FB6B3-00B4-47E1-909E-B08381549ED7}"
EndProject
Global
	GlobalSection(SolutionConfigurationPlatforms) = preSolution
		Debug|Any CPU = Debug|Any CPU
		Release|Any CPU = Release|Any CPU
	EndGlobalSection
	GlobalSection(ProjectConfigurationPlatforms) = postSolution
		{3E6FB6B3-00B4-47E1-909E-B08381549ED7}.Debug|Any CPU.ActiveCfg = Debug|Any CPU
		{3E6FB6B3-00B4-47E1-909E-B08381549ED7}.Debug|Any CPU.Build.0 = Debug|Any CPU
		{3E6FB6B3-00B4-47E1-909E-B08381549ED7}.Release|Any CPU.ActiveCfg = Release|Any CPU
		{3E6FB6B3-00B4-47E1-909E-B08381549ED7}.Release|Any CPU.Build.0 = Release|Any CPU
	EndGlobalSection
	GlobalSection(SolutionProperties) = preSolution
		HideSolutionNode = FALSE
	EndGlobalSection
	GlobalSection(ExtensibilityGlobals) = postSolution
		SolutionGuid = {7F245123-287E-4DB8-B964-5856272574EB}
	EndGlobalSection
EndGlobal
